// !$*UTF8*$!
{
	archiveVersion = 1;
	classes = {
	};
	objectVersion = 55;
	objects = {

/* Begin PBXBuildFile section */
		6B463E1A27739940004E7310 /* AppDelegate.swift in Sources */ = {isa = PBXBuildFile; fileRef = 6B463E1927739940004E7310 /* AppDelegate.swift */; };
		6B463E1C27739940004E7310 /* SceneDelegate.swift in Sources */ = {isa = PBXBuildFile; fileRef = 6B463E1B27739940004E7310 /* SceneDelegate.swift */; };
		6B463E1E27739940004E7310 /* ConversationViewController.swift in Sources */ = {isa = PBXBuildFile; fileRef = 6B463E1D27739940004E7310 /* ConversationViewController.swift */; };
		6B463E2127739940004E7310 /* Main.storyboard in Resources */ = {isa = PBXBuildFile; fileRef = 6B463E1F27739940004E7310 /* Main.storyboard */; };
		6B463E2327739942004E7310 /* Assets.xcassets in Resources */ = {isa = PBXBuildFile; fileRef = 6B463E2227739942004E7310 /* Assets.xcassets */; };
		6B463E2627739942004E7310 /* LaunchScreen.storyboard in Resources */ = {isa = PBXBuildFile; fileRef = 6B463E2427739942004E7310 /* LaunchScreen.storyboard */; };
		6B463E352773A2D6004E7310 /* LoginViewController.swift in Sources */ = {isa = PBXBuildFile; fileRef = 6B463E342773A2D6004E7310 /* LoginViewController.swift */; };
		6B463E372773A2EF004E7310 /* RegisterViewController.swift in Sources */ = {isa = PBXBuildFile; fileRef = 6B463E362773A2EF004E7310 /* RegisterViewController.swift */; };
		6B463E392773A311004E7310 /* PhotoViewerViewController.swift in Sources */ = {isa = PBXBuildFile; fileRef = 6B463E382773A311004E7310 /* PhotoViewerViewController.swift */; };
		6B463E3B2773A327004E7310 /* VideoPlayerViewController.swift in Sources */ = {isa = PBXBuildFile; fileRef = 6B463E3A2773A327004E7310 /* VideoPlayerViewController.swift */; };
		6B463E3D2773A359004E7310 /* NewConversationViewController.swift in Sources */ = {isa = PBXBuildFile; fileRef = 6B463E3C2773A359004E7310 /* NewConversationViewController.swift */; };
		6B463E3F2773A36F004E7310 /* ProfileViewController.swift in Sources */ = {isa = PBXBuildFile; fileRef = 6B463E3E2773A36E004E7310 /* ProfileViewController.swift */; };
/* End PBXBuildFile section */

/* Begin PBXFileReference section */
		6B463E1627739940004E7310 /* SDU-messenger.app */ = {isa = PBXFileReference; explicitFileType = wrapper.application; includeInIndex = 0; path = "SDU-messenger.app"; sourceTree = BUILT_PRODUCTS_DIR; };
		6B463E1927739940004E7310 /* AppDelegate.swift */ = {isa = PBXFileReference; lastKnownFileType = sourcecode.swift; path = AppDelegate.swift; sourceTree = "<group>"; };
		6B463E1B27739940004E7310 /* SceneDelegate.swift */ = {isa = PBXFileReference; lastKnownFileType = sourcecode.swift; path = SceneDelegate.swift; sourceTree = "<group>"; };
		6B463E1D27739940004E7310 /* ConversationViewController.swift */ = {isa = PBXFileReference; lastKnownFileType = sourcecode.swift; path = ConversationViewController.swift; sourceTree = "<group>"; };
		6B463E2027739940004E7310 /* Base */ = {isa = PBXFileReference; lastKnownFileType = file.storyboard; name = Base; path = Base.lproj/Main.storyboard; sourceTree = "<group>"; };
		6B463E2227739942004E7310 /* Assets.xcassets */ = {isa = PBXFileReference; lastKnownFileType = folder.assetcatalog; path = Assets.xcassets; sourceTree = "<group>"; };
		6B463E2527739942004E7310 /* Base */ = {isa = PBXFileReference; lastKnownFileType = file.storyboard; name = Base; path = Base.lproj/LaunchScreen.storyboard; sourceTree = "<group>"; };
		6B463E2727739942004E7310 /* Info.plist */ = {isa = PBXFileReference; lastKnownFileType = text.plist.xml; path = Info.plist; sourceTree = "<group>"; };
		6B463E342773A2D6004E7310 /* LoginViewController.swift */ = {isa = PBXFileReference; lastKnownFileType = sourcecode.swift; path = LoginViewController.swift; sourceTree = "<group>"; };
		6B463E362773A2EF004E7310 /* RegisterViewController.swift */ = {isa = PBXFileReference; lastKnownFileType = sourcecode.swift; path = RegisterViewController.swift; sourceTree = "<group>"; };
		6B463E382773A311004E7310 /* PhotoViewerViewController.swift */ = {isa = PBXFileReference; lastKnownFileType = sourcecode.swift; path = PhotoViewerViewController.swift; sourceTree = "<group>"; };
		6B463E3A2773A327004E7310 /* VideoPlayerViewController.swift */ = {isa = PBXFileReference; lastKnownFileType = sourcecode.swift; path = VideoPlayerViewController.swift; sourceTree = "<group>"; };
		6B463E3C2773A359004E7310 /* NewConversationViewController.swift */ = {isa = PBXFileReference; lastKnownFileType = sourcecode.swift; path = NewConversationViewController.swift; sourceTree = "<group>"; };
		6B463E3E2773A36E004E7310 /* ProfileViewController.swift */ = {isa = PBXFileReference; lastKnownFileType = sourcecode.swift; path = ProfileViewController.swift; sourceTree = "<group>"; };
/* End PBXFileReference section */

/* Begin PBXFrameworksBuildPhase section */
		6B463E1327739940004E7310 /* Frameworks */ = {
			isa = PBXFrameworksBuildPhase;
			buildActionMask = 2147483647;
			files = (
			);
			runOnlyForDeploymentPostprocessing = 0;
		};
/* End PBXFrameworksBuildPhase section */

/* Begin PBXGroup section */
		6B463E0D27739940004E7310 = {
			isa = PBXGroup;
			children = (
				6B463E1827739940004E7310 /* SDU-messenger */,
				6B463E1727739940004E7310 /* Products */,
			);
			sourceTree = "<group>";
		};
		6B463E1727739940004E7310 /* Products */ = {
			isa = PBXGroup;
			children = (
				6B463E1627739940004E7310 /* SDU-messenger.app */,
			);
			name = Products;
			sourceTree = "<group>";
		};
		6B463E1827739940004E7310 /* SDU-messenger */ = {
			isa = PBXGroup;
			children = (
				6B463E322773A147004E7310 /* Resources */,
				6B463E312773A137004E7310 /* ViewModels */,
				6B463E2F2773A122004E7310 /* Models */,
				6B463E2E2773A115004E7310 /* Views */,
				6B463E2D2773A0ED004E7310 /* Controllers */,
				6B463E2727739942004E7310 /* Info.plist */,
			);
			path = "SDU-messenger";
			sourceTree = "<group>";
		};
		6B463E2D2773A0ED004E7310 /* Controllers */ = {
			isa = PBXGroup;
			children = (
				6B463E1D27739940004E7310 /* ConversationViewController.swift */,
				6B463E342773A2D6004E7310 /* LoginViewController.swift */,
				6B463E362773A2EF004E7310 /* RegisterViewController.swift */,
				6B463E382773A311004E7310 /* PhotoViewerViewController.swift */,
				6B463E3A2773A327004E7310 /* VideoPlayerViewController.swift */,
				6B463E3C2773A359004E7310 /* NewConversationViewController.swift */,
				6B463E3E2773A36E004E7310 /* ProfileViewController.swift */,
			);
			path = Controllers;
			sourceTree = "<group>";
		};
		6B463E2E2773A115004E7310 /* Views */ = {
			isa = PBXGroup;
			children = (
				6B463E332773A17B004E7310 /* Storyboards */,
				6B463E2227739942004E7310 /* Assets.xcassets */,
			);
			path = Views;
			sourceTree = "<group>";
		};
		6B463E2F2773A122004E7310 /* Models */ = {
			isa = PBXGroup;
			children = (
			);
			path = Models;
			sourceTree = "<group>";
		};
		6B463E312773A137004E7310 /* ViewModels */ = {
			isa = PBXGroup;
			children = (
			);
			path = ViewModels;
			sourceTree = "<group>";
		};
		6B463E322773A147004E7310 /* Resources */ = {
			isa = PBXGroup;
			children = (
				6B463E1927739940004E7310 /* AppDelegate.swift */,
				6B463E1B27739940004E7310 /* SceneDelegate.swift */,
			);
			path = Resources;
			sourceTree = "<group>";
		};
		6B463E332773A17B004E7310 /* Storyboards */ = {
			isa = PBXGroup;
			children = (
				6B463E1F27739940004E7310 /* Main.storyboard */,
				6B463E2427739942004E7310 /* LaunchScreen.storyboard */,
			);
			path = Storyboards;
			sourceTree = "<group>";
		};
/* End PBXGroup section */

/* Begin PBXNativeTarget section */
		6B463E1527739940004E7310 /* SDU-messenger */ = {
			isa = PBXNativeTarget;
			buildConfigurationList = 6B463E2A27739942004E7310 /* Build configuration list for PBXNativeTarget "SDU-messenger" */;
			buildPhases = (
				6B463E1227739940004E7310 /* Sources */,
				6B463E1327739940004E7310 /* Frameworks */,
				6B463E1427739940004E7310 /* Resources */,
			);
			buildRules = (
			);
			dependencies = (
			);
			name = "SDU-messenger";
			productName = "SDU-messenger";
			productReference = 6B463E1627739940004E7310 /* SDU-messenger.app */;
			productType = "com.apple.product-type.application";
		};
/* End PBXNativeTarget section */

/* Begin PBXProject section */
		6B463E0E27739940004E7310 /* Project object */ = {
			isa = PBXProject;
			attributes = {
				BuildIndependentTargetsInParallel = 1;
				LastSwiftUpdateCheck = 1300;
				LastUpgradeCheck = 1300;
				TargetAttributes = {
					6B463E1527739940004E7310 = {
						CreatedOnToolsVersion = 13.0;
					};
				};
			};
			buildConfigurationList = 6B463E1127739940004E7310 /* Build configuration list for PBXProject "SDU-messenger" */;
			compatibilityVersion = "Xcode 13.0";
			developmentRegion = en;
			hasScannedForEncodings = 0;
			knownRegions = (
				en,
				Base,
			);
			mainGroup = 6B463E0D27739940004E7310;
			productRefGroup = 6B463E1727739940004E7310 /* Products */;
			projectDirPath = "";
			projectRoot = "";
			targets = (
				6B463E1527739940004E7310 /* SDU-messenger */,
			);
		};
/* End PBXProject section */

/* Begin PBXResourcesBuildPhase section */
		6B463E1427739940004E7310 /* Resources */ = {
			isa = PBXResourcesBuildPhase;
			buildActionMask = 2147483647;
			files = (
				6B463E2627739942004E7310 /* LaunchScreen.storyboard in Resources */,
				6B463E2327739942004E7310 /* Assets.xcassets in Resources */,
				6B463E2127739940004E7310 /* Main.storyboard in Resources */,
			);
			runOnlyForDeploymentPostprocessing = 0;
		};
/* End PBXResourcesBuildPhase section */

/* Begin PBXSourcesBuildPhase section */
		6B463E1227739940004E7310 /* Sources */ = {
			isa = PBXSourcesBuildPhase;
			buildActionMask = 2147483647;
			files = (
				6B463E352773A2D6004E7310 /* LoginViewController.swift in Sources */,
				6B463E372773A2EF004E7310 /* RegisterViewController.swift in Sources */,
				6B463E3D2773A359004E7310 /* NewConversationViewController.swift in Sources */,
				6B463E1E27739940004E7310 /* ConversationViewController.swift in Sources */,
				6B463E3B2773A327004E7310 /* VideoPlayerViewController.swift in Sources */,
				6B463E1A27739940004E7310 /* AppDelegate.swift in Sources */,
				6B463E3F2773A36F004E7310 /* ProfileViewController.swift in Sources */,
				6B463E1C27739940004E7310 /* SceneDelegate.swift in Sources */,
				6B463E392773A311004E7310 /* PhotoViewerViewController.swift in Sources */,
			);
			runOnlyForDeploymentPostprocessing = 0;
		};
/* End PBXSourcesBuildPhase section */

/* Begin PBXVariantGroup section */
		6B463E1F27739940004E7310 /* Main.storyboard */ = {
			isa = PBXVariantGroup;
			children = (
				6B463E2027739940004E7310 /* Base */,
			);
			name = Main.storyboard;
			sourceTree = "<group>";
		};
		6B463E2427739942004E7310 /* LaunchScreen.storyboard */ = {
			isa = PBXVariantGroup;
			children = (
				6B463E2527739942004E7310 /* Base */,
			);
			name = LaunchScreen.storyboard;
			sourceTree = "<group>";
		};
/* End PBXVariantGroup section */

/* Begin XCBuildConfiguration section */
		6B463E2827739942004E7310 /* Debug */ = {
			isa = XCBuildConfiguration;
			buildSettings = {
				ALWAYS_SEARCH_USER_PATHS = NO;
				CLANG_ANALYZER_NONNULL = YES;
				CLANG_ANALYZER_NUMBER_OBJECT_CONVERSION = YES_AGGRESSIVE;
				CLANG_CXX_LANGUAGE_STANDARD = "gnu++17";
				CLANG_CXX_LIBRARY = "libc++";
				CLANG_ENABLE_MODULES = YES;
				CLANG_ENABLE_OBJC_ARC = YES;
				CLANG_ENABLE_OBJC_WEAK = YES;
				CLANG_WARN_BLOCK_CAPTURE_AUTORELEASING = YES;
				CLANG_WARN_BOOL_CONVERSION = YES;
				CLANG_WARN_COMMA = YES;
				CLANG_WARN_CONSTANT_CONVERSION = YES;
				CLANG_WARN_DEPRECATED_OBJC_IMPLEMENTATIONS = YES;
				CLANG_WARN_DIRECT_OBJC_ISA_USAGE = YES_ERROR;
				CLANG_WARN_DOCUMENTATION_COMMENTS = YES;
				CLANG_WARN_EMPTY_BODY = YES;
				CLANG_WARN_ENUM_CONVERSION = YES;
				CLANG_WARN_INFINITE_RECURSION = YES;
				CLANG_WARN_INT_CONVERSION = YES;
				CLANG_WARN_NON_LITERAL_NULL_CONVERSION = YES;
				CLANG_WARN_OBJC_IMPLICIT_RETAIN_SELF = YES;
				CLANG_WARN_OBJC_LITERAL_CONVERSION = YES;
				CLANG_WARN_OBJC_ROOT_CLASS = YES_ERROR;
				CLANG_WARN_QUOTED_INCLUDE_IN_FRAMEWORK_HEADER = YES;
				CLANG_WARN_RANGE_LOOP_ANALYSIS = YES;
				CLANG_WARN_STRICT_PROTOTYPES = YES;
				CLANG_WARN_SUSPICIOUS_MOVE = YES;
				CLANG_WARN_UNGUARDED_AVAILABILITY = YES_AGGRESSIVE;
				CLANG_WARN_UNREACHABLE_CODE = YES;
				CLANG_WARN__DUPLICATE_METHOD_MATCH = YES;
				COPY_PHASE_STRIP = NO;
				DEBUG_INFORMATION_FORMAT = dwarf;
				ENABLE_STRICT_OBJC_MSGSEND = YES;
				ENABLE_TESTABILITY = YES;
				GCC_C_LANGUAGE_STANDARD = gnu11;
				GCC_DYNAMIC_NO_PIC = NO;
				GCC_NO_COMMON_BLOCKS = YES;
				GCC_OPTIMIZATION_LEVEL = 0;
				GCC_PREPROCESSOR_DEFINITIONS = (
					"DEBUG=1",
					"$(inherited)",
				);
				GCC_WARN_64_TO_32_BIT_CONVERSION = YES;
				GCC_WARN_ABOUT_RETURN_TYPE = YES_ERROR;
				GCC_WARN_UNDECLARED_SELECTOR = YES;
				GCC_WARN_UNINITIALIZED_AUTOS = YES_AGGRESSIVE;
				GCC_WARN_UNUSED_FUNCTION = YES;
				GCC_WARN_UNUSED_VARIABLE = YES;
				IPHONEOS_DEPLOYMENT_TARGET = 15.0;
				MTL_ENABLE_DEBUG_INFO = INCLUDE_SOURCE;
				MTL_FAST_MATH = YES;
				ONLY_ACTIVE_ARCH = YES;
				SDKROOT = iphoneos;
				SWIFT_ACTIVE_COMPILATION_CONDITIONS = DEBUG;
				SWIFT_OPTIMIZATION_LEVEL = "-Onone";
			};
			name = Debug;
		};
		6B463E2927739942004E7310 /* Release */ = {
			isa = XCBuildConfiguration;
			buildSettings = {
				ALWAYS_SEARCH_USER_PATHS = NO;
				CLANG_ANALYZER_NONNULL = YES;
				CLANG_ANALYZER_NUMBER_OBJECT_CONVERSION = YES_AGGRESSIVE;
				CLANG_CXX_LANGUAGE_STANDARD = "gnu++17";
				CLANG_CXX_LIBRARY = "libc++";
				CLANG_ENABLE_MODULES = YES;
				CLANG_ENABLE_OBJC_ARC = YES;
				CLANG_ENABLE_OBJC_WEAK = YES;
				CLANG_WARN_BLOCK_CAPTURE_AUTORELEASING = YES;
				CLANG_WARN_BOOL_CONVERSION = YES;
				CLANG_WARN_COMMA = YES;
				CLANG_WARN_CONSTANT_CONVERSION = YES;
				CLANG_WARN_DEPRECATED_OBJC_IMPLEMENTATIONS = YES;
				CLANG_WARN_DIRECT_OBJC_ISA_USAGE = YES_ERROR;
				CLANG_WARN_DOCUMENTATION_COMMENTS = YES;
				CLANG_WARN_EMPTY_BODY = YES;
				CLANG_WARN_ENUM_CONVERSION = YES;
				CLANG_WARN_INFINITE_RECURSION = YES;
				CLANG_WARN_INT_CONVERSION = YES;
				CLANG_WARN_NON_LITERAL_NULL_CONVERSION = YES;
				CLANG_WARN_OBJC_IMPLICIT_RETAIN_SELF = YES;
				CLANG_WARN_OBJC_LITERAL_CONVERSION = YES;
				CLANG_WARN_OBJC_ROOT_CLASS = YES_ERROR;
				CLANG_WARN_QUOTED_INCLUDE_IN_FRAMEWORK_HEADER = YES;
				CLANG_WARN_RANGE_LOOP_ANALYSIS = YES;
				CLANG_WARN_STRICT_PROTOTYPES = YES;
				CLANG_WARN_SUSPICIOUS_MOVE = YES;
				CLANG_WARN_UNGUARDED_AVAILABILITY = YES_AGGRESSIVE;
				CLANG_WARN_UNREACHABLE_CODE = YES;
				CLANG_WARN__DUPLICATE_METHOD_MATCH = YES;
				COPY_PHASE_STRIP = NO;
				DEBUG_INFORMATION_FORMAT = "dwarf-with-dsym";
				ENABLE_NS_ASSERTIONS = NO;
				ENABLE_STRICT_OBJC_MSGSEND = YES;
				GCC_C_LANGUAGE_STANDARD = gnu11;
				GCC_NO_COMMON_BLOCKS = YES;
				GCC_WARN_64_TO_32_BIT_CONVERSION = YES;
				GCC_WARN_ABOUT_RETURN_TYPE = YES_ERROR;
				GCC_WARN_UNDECLARED_SELECTOR = YES;
				GCC_WARN_UNINITIALIZED_AUTOS = YES_AGGRESSIVE;
				GCC_WARN_UNUSED_FUNCTION = YES;
				GCC_WARN_UNUSED_VARIABLE = YES;
				IPHONEOS_DEPLOYMENT_TARGET = 15.0;
				MTL_ENABLE_DEBUG_INFO = NO;
				MTL_FAST_MATH = YES;
				SDKROOT = iphoneos;
				SWIFT_COMPILATION_MODE = wholemodule;
				SWIFT_OPTIMIZATION_LEVEL = "-O";
				VALIDATE_PRODUCT = YES;
			};
			name = Release;
		};
		6B463E2B27739942004E7310 /* Debug */ = {
			isa = XCBuildConfiguration;
			buildSettings = {
				ASSETCATALOG_COMPILER_APPICON_NAME = AppIcon;
				ASSETCATALOG_COMPILER_GLOBAL_ACCENT_COLOR_NAME = AccentColor;
				CODE_SIGN_STYLE = Automatic;
				CURRENT_PROJECT_VERSION = 1;
				DEVELOPMENT_TEAM = 24MGZ8D74X;
				GENERATE_INFOPLIST_FILE = YES;
				INFOPLIST_FILE = "SDU-messenger/Info.plist";
				INFOPLIST_KEY_UIApplicationSupportsIndirectInputEvents = YES;
				INFOPLIST_KEY_UILaunchStoryboardName = LaunchScreen;
				INFOPLIST_KEY_UIMainStoryboardFile = Main;
				INFOPLIST_KEY_UISupportedInterfaceOrientations = UIInterfaceOrientationPortrait;
				INFOPLIST_KEY_UISupportedInterfaceOrientations_iPad = "UIInterfaceOrientationPortrait UIInterfaceOrientationPortraitUpsideDown UIInterfaceOrientationLandscapeLeft UIInterfaceOrientationLandscapeRight";
				INFOPLIST_KEY_UISupportedInterfaceOrientations_iPhone = "UIInterfaceOrientationPortrait UIInterfaceOrientationLandscapeLeft UIInterfaceOrientationLandscapeRight";
				LD_RUNPATH_SEARCH_PATHS = (
					"$(inherited)",
					"@executable_path/Frameworks",
				);
				MARKETING_VERSION = 1.0;
				PRODUCT_BUNDLE_IDENTIFIER = "com.adllzhn.SDU-messenger";
				PRODUCT_NAME = "$(TARGET_NAME)";
				SWIFT_EMIT_LOC_STRINGS = YES;
				SWIFT_VERSION = 5.0;
				TARGETED_DEVICE_FAMILY = "1,2";
			};
			name = Debug;
		};
		6B463E2C27739942004E7310 /* Release */ = {
			isa = XCBuildConfiguration;
			buildSettings = {
				ASSETCATALOG_COMPILER_APPICON_NAME = AppIcon;
				ASSETCATALOG_COMPILER_GLOBAL_ACCENT_COLOR_NAME = AccentColor;
				CODE_SIGN_STYLE = Automatic;
				CURRENT_PROJECT_VERSION = 1;
				DEVELOPMENT_TEAM = 24MGZ8D74X;
				GENERATE_INFOPLIST_FILE = YES;
				INFOPLIST_FILE = "SDU-messenger/Info.plist";
				INFOPLIST_KEY_UIApplicationSupportsIndirectInputEvents = YES;
				INFOPLIST_KEY_UILaunchStoryboardName = LaunchScreen;
				INFOPLIST_KEY_UIMainStoryboardFile = Main;
				INFOPLIST_KEY_UISupportedInterfaceOrientations = UIInterfaceOrientationPortrait;
				INFOPLIST_KEY_UISupportedInterfaceOrientations_iPad = "UIInterfaceOrientationPortrait UIInterfaceOrientationPortraitUpsideDown UIInterfaceOrientationLandscapeLeft UIInterfaceOrientationLandscapeRight";
				INFOPLIST_KEY_UISupportedInterfaceOrientations_iPhone = "UIInterfaceOrientationPortrait UIInterfaceOrientationLandscapeLeft UIInterfaceOrientationLandscapeRight";
				LD_RUNPATH_SEARCH_PATHS = (
					"$(inherited)",
					"@executable_path/Frameworks",
				);
				MARKETING_VERSION = 1.0;
				PRODUCT_BUNDLE_IDENTIFIER = "com.adllzhn.SDU-messenger";
				PRODUCT_NAME = "$(TARGET_NAME)";
				SWIFT_EMIT_LOC_STRINGS = YES;
				SWIFT_VERSION = 5.0;
				TARGETED_DEVICE_FAMILY = "1,2";
			};
			name = Release;
		};
/* End XCBuildConfiguration section */

/* Begin XCConfigurationList section */
		6B463E1127739940004E7310 /* Build configuration list for PBXProject "SDU-messenger" */ = {
			isa = XCConfigurationList;
			buildConfigurations = (
				6B463E2827739942004E7310 /* Debug */,
				6B463E2927739942004E7310 /* Release */,
			);
			defaultConfigurationIsVisible = 0;
			defaultConfigurationName = Release;
		};
		6B463E2A27739942004E7310 /* Build configuration list for PBXNativeTarget "SDU-messenger" */ = {
			isa = XCConfigurationList;
			buildConfigurations = (
				6B463E2B27739942004E7310 /* Debug */,
				6B463E2C27739942004E7310 /* Release */,
			);
			defaultConfigurationIsVisible = 0;
			defaultConfigurationName = Release;
		};
/* End XCConfigurationList section */
	};
	rootObject = 6B463E0E27739940004E7310 /* Project object */;
}
